
Microsoft Visual Studio Solution File, Format Version 12.00
Project("{FAE04EC0-301F-11D3-BF4B-00C04F79EFBC}") = "HomeworkLesson13", "HomeworkLesson13\HomeworkLesson13.csproj", "{751E86F5-418A-4A59-80A0-E4BF85B45D40}"
EndProject
Global
	GlobalSection(SolutionConfigurationPlatforms) = preSolution
		Debug|Any CPU = Debug|Any CPU
		Release|Any CPU = Release|Any CPU
	EndGlobalSection
	GlobalSection(ProjectConfigurationPlatforms) = postSolution
		{751E86F5-418A-4A59-80A0-E4BF85B45D40}.Debug|Any CPU.ActiveCfg = Debug|Any CPU
		{751E86F5-418A-4A59-80A0-E4BF85B45D40}.Debug|Any CPU.Build.0 = Debug|Any CPU
		{751E86F5-418A-4A59-80A0-E4BF85B45D40}.Release|Any CPU.ActiveCfg = Release|Any CPU
		{751E86F5-418A-4A59-80A0-E4BF85B45D40}.Release|Any CPU.Build.0 = Release|Any CPU
	EndGlobalSection
EndGlobal
